<?xml version="1.0" encoding="utf-8"?>
<Project ToolsVersion="4.0" xmlns="http://schemas.microsoft.com/developer/msbuild/2003">
  <ItemGroup>
    <Filter Include="Source Files">
      <UniqueIdentifier>{ffad3993-22d5-43b9-bc5b-299d1d3fa85c}</UniqueIdentifier>
      <Extensions>cpp;c;cxx;rc;def;r;odl;idl;hpj;bat</Extensions>
    </Filter>
    <Filter Include="Header Files">
      <UniqueIdentifier>{bd81e9d4-9b24-4d1f-8e50-f0691aab79ae}</UniqueIdentifier>
      <Extensions>h;hpp;hxx;hm;inl</Extensions>
    </Filter>
    <Filter Include="Resource Files">
      <UniqueIdentifier>{e686214f-cb41-4dad-8b4a-d3fba67dd763}</UniqueIdentifier>
      <Extensions>ico;cur;bmp;dlg;rc2;rct;bin;rgs;gif;jpg;jpeg;jpe</Extensions>
    </Filter>
    <Filter Include="Header Files\SMTP">
      <UniqueIdentifier>{b480e18e-74cc-401f-93a0-0fa2b2caa8a5}</UniqueIdentifier>
    </Filter>
    <Filter Include="Source Files\SMTP">
      <UniqueIdentifier>{ae204afa-6dcb-4a8a-a275-f9cbac198c00}</UniqueIdentifier>
    </Filter>
  </ItemGroup>
  <ItemGroup>
    <ClCompile Include="base64.cpp">
      <Filter>Source Files\SMTP</Filter>
    </ClCompile>
    <ClCompile Include="CSmtp.cpp">
      <Filter>Source Files\SMTP</Filter>
    </ClCompile>
    <ClCompile Include="md5.cpp">
      <Filter>Source Files\SMTP</Filter>
    </ClCompile>
    <ClCompile Include="MailServer.cpp">
      <Filter>Source Files</Filter>
    </ClCompile>
    <ClCompile Include="MailMessage.cpp">
      <Filter>Source Files</Filter>
    </ClCompile>
    <ClCompile Include="MailSendResult.cpp">
      <Filter>Source Files</Filter>
    </ClCompile>
    <ClCompile Include="ManagedThread.cpp">
      <Filter>Source Files</Filter>
    </ClCompile>
    <ClCompile Include="MessageSendThread.cpp">
      <Filter>Source Files</Filter>
    </ClCompile>
    <ClCompile Include="MessageServer.cpp">
      <Filter>Source Files</Filter>
    </ClCompile>
    <ClCompile Include="fbSmtpUDF.cpp">
      <Filter>Source Files</Filter>
    </ClCompile>
  </ItemGroup>
  <ItemGroup>
    <ClInclude Include="base64.h">
      <Filter>Header Files\SMTP</Filter>
    </ClInclude>
    <ClInclude Include="CSmtp.h">
      <Filter>Header Files\SMTP</Filter>
    </ClInclude>
    <ClInclude Include="md5.h">
      <Filter>Header Files\SMTP</Filter>
    </ClInclude>
    <ClInclude Include="MailServer.h">
      <Filter>Header Files</Filter>
    </ClInclude>
    <ClInclude Include="MailMessage.h">
      <Filter>Header Files</Filter>
    </ClInclude>
    <ClInclude Include="MailSendResult.h">
      <Filter>Header Files</Filter>
    </ClInclude>
    <ClInclude Include="Global.h">
      <Filter>Header Files</Filter>
    </ClInclude>
    <ClInclude Include="ManagedThread.h">
      <Filter>Header Files</Filter>
    </ClInclude>
    <ClInclude Include="MessageSendThread.h">
      <Filter>Header Files</Filter>
    </ClInclude>
    <ClInclude Include="MessageServer.h">
      <Filter>Header Files</Filter>
    </ClInclude>
    <ClInclude Include="fbSmtpUDF.h">
      <Filter>Header Files</Filter>
    </ClInclude>
    <ClInclude Include="resource.h">
      <Filter>Header Files</Filter>
    </ClInclude>
  </ItemGroup>
  <ItemGroup>
    <ResourceCompile Include="Resource.rc">
      <Filter>Resource Files</Filter>
    </ResourceCompile>
  </ItemGroup>
  <ItemGroup>
    <Text Include="ReadMe.txt" />
    <Text Include="Credits.txt" />
  </ItemGroup>
</Project>